{
  "name": "nestjs-training-monorepo",
  "version": "1.0.0",
  "lockfileVersion": 3,
  "requires": true,
  "packages": {
    "": {
      "name": "nestjs-training-monorepo",
      "version": "1.0.0",
      "workspaces": [
        "apps/*/*",
        "packages/*",
        "packages/*/*"
      ],
      "engines": {
        "node": ">=22.0.0",
        "npm": ">=10.0.0"
      }
    },
    "apps/fundamentals/01-nest-basics": {
      "name": "@trails/01-nest-basics",
      "version": "1.0.0"
    },
    "node_modules/@trails/01-nest-basics": {
      "resolved": "apps/fundamentals/01-nest-basics",
      "link": true
    }
  }
}
